
Microsoft Visual Studio Solution File, Format Version 10.00
# Visual Studio 2008
Project("{FAE04EC0-301F-11D3-BF4B-00C04F79EFBC}") = "Printer Pondok Indah", "Printer Pondok Indah\Printer Pondok Indah.csproj", "{7BF4658F-9D1E-457D-872C-EF4E18C7A20B}"
EndProject
Project("{54435603-DBB4-11D2-8724-00A0C9A8B90C}") = "Printer Pondok Indah Setup", "Printer Pondok Indah Setup\Printer Pondok Indah Setup.vdproj", "{80154594-4AA3-4B28-A239-5AB77CF78C7D}"
EndProject
Global
	GlobalSection(SolutionConfigurationPlatforms) = preSolution
		Debug|Any CPU = Debug|Any CPU
		Release|Any CPU = Release|Any CPU
	EndGlobalSection
	GlobalSection(ProjectConfigurationPlatforms) = postSolution
		{7BF4658F-9D1E-457D-872C-EF4E18C7A20B}.Debug|Any CPU.ActiveCfg = Debug|Any CPU
		{7BF4658F-9D1E-457D-872C-EF4E18C7A20B}.Debug|Any CPU.Build.0 = Debug|Any CPU
		{7BF4658F-9D1E-457D-872C-EF4E18C7A20B}.Release|Any CPU.ActiveCfg = Release|Any CPU
		{7BF4658F-9D1E-457D-872C-EF4E18C7A20B}.Release|Any CPU.Build.0 = Release|Any CPU
		{80154594-4AA3-4B28-A239-5AB77CF78C7D}.Debug|Any CPU.ActiveCfg = Debug
		{80154594-4AA3-4B28-A239-5AB77CF78C7D}.Release|Any CPU.ActiveCfg = Release
	EndGlobalSection
	GlobalSection(SolutionProperties) = preSolution
		HideSolutionNode = FALSE
	EndGlobalSection
EndGlobal
